
Microsoft Visual Studio Solution File, Format Version 12.00
# Visual Studio Version 16
VisualStudioVersion = 16.0.34931.43
MinimumVisualStudioVersion = 10.0.40219.1
Project("{FAE04EC0-301F-11D3-BF4B-00C04F79EFBC}") = "CapaVista", "CapaVista\CapaVista.csproj", "{D7F3A262-A00B-4422-B3AD-A6204DCC7D1E}"
EndProject
Project("{FAE04EC0-301F-11D3-BF4B-00C04F79EFBC}") = "CapaDatos", "CapaDatos\CapaDatos.csproj", "{B72C7796-33C5-45EE-BF97-26994DA53214}"
EndProject
Project("{FAE04EC0-301F-11D3-BF4B-00C04F79EFBC}") = "CapaNegocio", "CapaNegocio\CapaNegocio.csproj", "{989BB7F0-43D3-4120-87C3-E87F4BF19758}"
EndProject
Global
	GlobalSection(SolutionConfigurationPlatforms) = preSolution
		Debug|Any CPU = Debug|Any CPU
		Release|Any CPU = Release|Any CPU
	EndGlobalSection
	GlobalSection(ProjectConfigurationPlatforms) = postSolution
		{D7F3A262-A00B-4422-B3AD-A6204DCC7D1E}.Debug|Any CPU.ActiveCfg = Debug|Any CPU
		{D7F3A262-A00B-4422-B3AD-A6204DCC7D1E}.Debug|Any CPU.Build.0 = Debug|Any CPU
		{D7F3A262-A00B-4422-B3AD-A6204DCC7D1E}.Release|Any CPU.ActiveCfg = Release|Any CPU
		{D7F3A262-A00B-4422-B3AD-A6204DCC7D1E}.Release|Any CPU.Build.0 = Release|Any CPU
		{B72C7796-33C5-45EE-BF97-26994DA53214}.Debug|Any CPU.ActiveCfg = Debug|Any CPU
		{B72C7796-33C5-45EE-BF97-26994DA53214}.Debug|Any CPU.Build.0 = Debug|Any CPU
		{B72C7796-33C5-45EE-BF97-26994DA53214}.Release|Any CPU.ActiveCfg = Release|Any CPU
		{B72C7796-33C5-45EE-BF97-26994DA53214}.Release|Any CPU.Build.0 = Release|Any CPU
		{989BB7F0-43D3-4120-87C3-E87F4BF19758}.Debug|Any CPU.ActiveCfg = Debug|Any CPU
		{989BB7F0-43D3-4120-87C3-E87F4BF19758}.Debug|Any CPU.Build.0 = Debug|Any CPU
		{989BB7F0-43D3-4120-87C3-E87F4BF19758}.Release|Any CPU.ActiveCfg = Release|Any CPU
		{989BB7F0-43D3-4120-87C3-E87F4BF19758}.Release|Any CPU.Build.0 = Release|Any CPU
	EndGlobalSection
	GlobalSection(SolutionProperties) = preSolution
		HideSolutionNode = FALSE
	EndGlobalSection
	GlobalSection(ExtensibilityGlobals) = postSolution
		SolutionGuid = {F8D87D6D-F632-4C09-A648-90CC69B9DD54}
	EndGlobalSection
EndGlobal
